// !$*UTF8*$!
{
	archiveVersion = 1;
	classes = {
	};
	objectVersion = 55;
	objects = {

/* Begin PBXBuildFile section */
		2F4182B327A4006400EB6183 /* AppleWatchMusic WatchKit App.app in Embed Watch Content */ = {isa = PBXBuildFile; fileRef = 2F4182B227A4006400EB6183 /* AppleWatchMusic WatchKit App.app */; settings = {ATTRIBUTES = (RemoveHeadersOnCopy, ); }; };
		2F4182B827A4006800EB6183 /* Assets.xcassets in Resources */ = {isa = PBXBuildFile; fileRef = 2F4182B727A4006800EB6183 /* Assets.xcassets */; };
		2F4182BE27A4006800EB6183 /* AppleWatchMusic WatchKit Extension.appex in Embed App Extensions */ = {isa = PBXBuildFile; fileRef = 2F4182BD27A4006800EB6183 /* AppleWatchMusic WatchKit Extension.appex */; settings = {ATTRIBUTES = (RemoveHeadersOnCopy, ); }; };
		2F4182C327A4006800EB6183 /* AppleWatchMusicApp.swift in Sources */ = {isa = PBXBuildFile; fileRef = 2F4182C227A4006800EB6183 /* AppleWatchMusicApp.swift */; };
		2F4182C527A4006800EB6183 /* ContentView.swift in Sources */ = {isa = PBXBuildFile; fileRef = 2F4182C427A4006800EB6183 /* ContentView.swift */; };
		2F4182C727A4006800EB6183 /* NotificationController.swift in Sources */ = {isa = PBXBuildFile; fileRef = 2F4182C627A4006800EB6183 /* NotificationController.swift */; };
		2F4182C927A4006800EB6183 /* NotificationView.swift in Sources */ = {isa = PBXBuildFile; fileRef = 2F4182C827A4006800EB6183 /* NotificationView.swift */; };
		2F4182CB27A4006800EB6183 /* ComplicationController.swift in Sources */ = {isa = PBXBuildFile; fileRef = 2F4182CA27A4006800EB6183 /* ComplicationController.swift */; };
		2F4182CD27A4006900EB6183 /* Assets.xcassets in Resources */ = {isa = PBXBuildFile; fileRef = 2F4182CC27A4006900EB6183 /* Assets.xcassets */; };
		2F4182D027A4006900EB6183 /* Preview Assets.xcassets in Resources */ = {isa = PBXBuildFile; fileRef = 2F4182CF27A4006900EB6183 /* Preview Assets.xcassets */; };
/* End PBXBuildFile section */

/* Begin PBXContainerItemProxy section */
		2F4182B427A4006400EB6183 /* PBXContainerItemProxy */ = {
			isa = PBXContainerItemProxy;
			containerPortal = 2F4182A827A4006400EB6183 /* Project object */;
			proxyType = 1;
			remoteGlobalIDString = 2F4182B127A4006400EB6183;
			remoteInfo = "AppleWatchMusic WatchKit App";
		};
		2F4182BF27A4006800EB6183 /* PBXContainerItemProxy */ = {
			isa = PBXContainerItemProxy;
			containerPortal = 2F4182A827A4006400EB6183 /* Project object */;
			proxyType = 1;
			remoteGlobalIDString = 2F4182BC27A4006800EB6183;
			remoteInfo = "AppleWatchMusic WatchKit Extension";
		};
/* End PBXContainerItemProxy section */

/* Begin PBXCopyFilesBuildPhase section */
		2F4182D827A4006900EB6183 /* Embed App Extensions */ = {
			isa = PBXCopyFilesBuildPhase;
			buildActionMask = 2147483647;
			dstPath = "";
			dstSubfolderSpec = 13;
			files = (
				2F4182BE27A4006800EB6183 /* AppleWatchMusic WatchKit Extension.appex in Embed App Extensions */,
			);
			name = "Embed App Extensions";
			runOnlyForDeploymentPostprocessing = 0;
		};
		2F4182DC27A4006900EB6183 /* Embed Watch Content */ = {
			isa = PBXCopyFilesBuildPhase;
			buildActionMask = 2147483647;
			dstPath = "$(CONTENTS_FOLDER_PATH)/Watch";
			dstSubfolderSpec = 16;
			files = (
				2F4182B327A4006400EB6183 /* AppleWatchMusic WatchKit App.app in Embed Watch Content */,
			);
			name = "Embed Watch Content";
			runOnlyForDeploymentPostprocessing = 0;
		};
/* End PBXCopyFilesBuildPhase section */

/* Begin PBXFileReference section */
		2F4182AE27A4006400EB6183 /* AppleWatchMusic.app */ = {isa = PBXFileReference; explicitFileType = wrapper.application; includeInIndex = 0; path = AppleWatchMusic.app; sourceTree = BUILT_PRODUCTS_DIR; };
		2F4182B227A4006400EB6183 /* AppleWatchMusic WatchKit App.app */ = {isa = PBXFileReference; explicitFileType = wrapper.application; includeInIndex = 0; path = "AppleWatchMusic WatchKit App.app"; sourceTree = BUILT_PRODUCTS_DIR; };
		2F4182B727A4006800EB6183 /* Assets.xcassets */ = {isa = PBXFileReference; lastKnownFileType = folder.assetcatalog; path = Assets.xcassets; sourceTree = "<group>"; };
		2F4182BD27A4006800EB6183 /* AppleWatchMusic WatchKit Extension.appex */ = {isa = PBXFileReference; explicitFileType = "wrapper.app-extension"; includeInIndex = 0; path = "AppleWatchMusic WatchKit Extension.appex"; sourceTree = BUILT_PRODUCTS_DIR; };
		2F4182C227A4006800EB6183 /* AppleWatchMusicApp.swift */ = {isa = PBXFileReference; lastKnownFileType = sourcecode.swift; path = AppleWatchMusicApp.swift; sourceTree = "<group>"; };
		2F4182C427A4006800EB6183 /* ContentView.swift */ = {isa = PBXFileReference; lastKnownFileType = sourcecode.swift; path = ContentView.swift; sourceTree = "<group>"; };
		2F4182C627A4006800EB6183 /* NotificationController.swift */ = {isa = PBXFileReference; lastKnownFileType = sourcecode.swift; path = NotificationController.swift; sourceTree = "<group>"; };
		2F4182C827A4006800EB6183 /* NotificationView.swift */ = {isa = PBXFileReference; lastKnownFileType = sourcecode.swift; path = NotificationView.swift; sourceTree = "<group>"; };
		2F4182CA27A4006800EB6183 /* ComplicationController.swift */ = {isa = PBXFileReference; lastKnownFileType = sourcecode.swift; path = ComplicationController.swift; sourceTree = "<group>"; };
		2F4182CC27A4006900EB6183 /* Assets.xcassets */ = {isa = PBXFileReference; lastKnownFileType = folder.assetcatalog; path = Assets.xcassets; sourceTree = "<group>"; };
		2F4182CF27A4006900EB6183 /* Preview Assets.xcassets */ = {isa = PBXFileReference; lastKnownFileType = folder.assetcatalog; path = "Preview Assets.xcassets"; sourceTree = "<group>"; };
		2F4182D127A4006900EB6183 /* Info.plist */ = {isa = PBXFileReference; lastKnownFileType = text.plist.xml; path = Info.plist; sourceTree = "<group>"; };
		2F4182D227A4006900EB6183 /* PushNotificationPayload.apns */ = {isa = PBXFileReference; lastKnownFileType = text; path = PushNotificationPayload.apns; sourceTree = "<group>"; };
/* End PBXFileReference section */

/* Begin PBXFrameworksBuildPhase section */
		2F4182BA27A4006800EB6183 /* Frameworks */ = {
			isa = PBXFrameworksBuildPhase;
			buildActionMask = 2147483647;
			files = (
			);
			runOnlyForDeploymentPostprocessing = 0;
		};
/* End PBXFrameworksBuildPhase section */

/* Begin PBXGroup section */
		2F4182A727A4006400EB6183 = {
			isa = PBXGroup;
			children = (
				2F4182B627A4006400EB6183 /* AppleWatchMusic WatchKit App */,
				2F4182C127A4006800EB6183 /* AppleWatchMusic WatchKit Extension */,
				2F4182AF27A4006400EB6183 /* Products */,
			);
			sourceTree = "<group>";
		};
		2F4182AF27A4006400EB6183 /* Products */ = {
			isa = PBXGroup;
			children = (
				2F4182AE27A4006400EB6183 /* AppleWatchMusic.app */,
				2F4182B227A4006400EB6183 /* AppleWatchMusic WatchKit App.app */,
				2F4182BD27A4006800EB6183 /* AppleWatchMusic WatchKit Extension.appex */,
			);
			name = Products;
			sourceTree = "<group>";
		};
		2F4182B627A4006400EB6183 /* AppleWatchMusic WatchKit App */ = {
			isa = PBXGroup;
			children = (
				2F4182B727A4006800EB6183 /* Assets.xcassets */,
			);
			path = "AppleWatchMusic WatchKit App";
			sourceTree = "<group>";
		};
		2F4182C127A4006800EB6183 /* AppleWatchMusic WatchKit Extension */ = {
			isa = PBXGroup;
			children = (
				2F4182C227A4006800EB6183 /* AppleWatchMusicApp.swift */,
				2F4182C427A4006800EB6183 /* ContentView.swift */,
				2F4182C627A4006800EB6183 /* NotificationController.swift */,
				2F4182C827A4006800EB6183 /* NotificationView.swift */,
				2F4182CA27A4006800EB6183 /* ComplicationController.swift */,
				2F4182CC27A4006900EB6183 /* Assets.xcassets */,
				2F4182D127A4006900EB6183 /* Info.plist */,
				2F4182D227A4006900EB6183 /* PushNotificationPayload.apns */,
				2F4182CE27A4006900EB6183 /* Preview Content */,
			);
			path = "AppleWatchMusic WatchKit Extension";
			sourceTree = "<group>";
		};
		2F4182CE27A4006900EB6183 /* Preview Content */ = {
			isa = PBXGroup;
			children = (
				2F4182CF27A4006900EB6183 /* Preview Assets.xcassets */,
			);
			path = "Preview Content";
			sourceTree = "<group>";
		};
/* End PBXGroup section */

/* Begin PBXNativeTarget section */
		2F4182AD27A4006400EB6183 /* AppleWatchMusic */ = {
			isa = PBXNativeTarget;
			buildConfigurationList = 2F4182DD27A4006900EB6183 /* Build configuration list for PBXNativeTarget "AppleWatchMusic" */;
			buildPhases = (
				2F4182AC27A4006400EB6183 /* Resources */,
				2F4182DC27A4006900EB6183 /* Embed Watch Content */,
			);
			buildRules = (
			);
			dependencies = (
				2F4182B527A4006400EB6183 /* PBXTargetDependency */,
			);
			name = AppleWatchMusic;
			productName = AppleWatchMusic;
			productReference = 2F4182AE27A4006400EB6183 /* AppleWatchMusic.app */;
			productType = "com.apple.product-type.application.watchapp2-container";
		};
		2F4182B127A4006400EB6183 /* AppleWatchMusic WatchKit App */ = {
			isa = PBXNativeTarget;
			buildConfigurationList = 2F4182D927A4006900EB6183 /* Build configuration list for PBXNativeTarget "AppleWatchMusic WatchKit App" */;
			buildPhases = (
				2F4182B027A4006400EB6183 /* Resources */,
				2F4182D827A4006900EB6183 /* Embed App Extensions */,
			);
			buildRules = (
			);
			dependencies = (
				2F4182C027A4006800EB6183 /* PBXTargetDependency */,
			);
			name = "AppleWatchMusic WatchKit App";
			productName = "AppleWatchMusic WatchKit App";
			productReference = 2F4182B227A4006400EB6183 /* AppleWatchMusic WatchKit App.app */;
			productType = "com.apple.product-type.application.watchapp2";
		};
		2F4182BC27A4006800EB6183 /* AppleWatchMusic WatchKit Extension */ = {
			isa = PBXNativeTarget;
			buildConfigurationList = 2F4182D527A4006900EB6183 /* Build configuration list for PBXNativeTarget "AppleWatchMusic WatchKit Extension" */;
			buildPhases = (
				2F4182B927A4006800EB6183 /* Sources */,
				2F4182BA27A4006800EB6183 /* Frameworks */,
				2F4182BB27A4006800EB6183 /* Resources */,
			);
			buildRules = (
			);
			dependencies = (
			);
			name = "AppleWatchMusic WatchKit Extension";
			productName = "AppleWatchMusic WatchKit Extension";
			productReference = 2F4182BD27A4006800EB6183 /* AppleWatchMusic WatchKit Extension.appex */;
			productType = "com.apple.product-type.watchkit2-extension";
		};
/* End PBXNativeTarget section */

/* Begin PBXProject section */
		2F4182A827A4006400EB6183 /* Project object */ = {
			isa = PBXProject;
			attributes = {
				BuildIndependentTargetsInParallel = 1;
				LastSwiftUpdateCheck = 1320;
				LastUpgradeCheck = 1320;
				TargetAttributes = {
					2F4182AD27A4006400EB6183 = {
						CreatedOnToolsVersion = 13.2.1;
					};
					2F4182B127A4006400EB6183 = {
						CreatedOnToolsVersion = 13.2.1;
					};
					2F4182BC27A4006800EB6183 = {
						CreatedOnToolsVersion = 13.2.1;
					};
				};
			};
			buildConfigurationList = 2F4182AB27A4006400EB6183 /* Build configuration list for PBXProject "AppleWatchMusic" */;
			compatibilityVersion = "Xcode 13.0";
			developmentRegion = en;
			hasScannedForEncodings = 0;
			knownRegions = (
				en,
				Base,
			);
			mainGroup = 2F4182A727A4006400EB6183;
			productRefGroup = 2F4182AF27A4006400EB6183 /* Products */;
			projectDirPath = "";
			projectRoot = "";
			targets = (
				2F4182AD27A4006400EB6183 /* AppleWatchMusic */,
				2F4182B127A4006400EB6183 /* AppleWatchMusic WatchKit App */,
				2F4182BC27A4006800EB6183 /* AppleWatchMusic WatchKit Extension */,
			);
		};
/* End PBXProject section */

/* Begin PBXResourcesBuildPhase section */
		2F4182AC27A4006400EB6183 /* Resources */ = {
			isa = PBXResourcesBuildPhase;
			buildActionMask = 2147483647;
			files = (
			);
			runOnlyForDeploymentPostprocessing = 0;
		};
		2F4182B027A4006400EB6183 /* Resources */ = {
			isa = PBXResourcesBuildPhase;
			buildActionMask = 2147483647;
			files = (
				2F4182B827A4006800EB6183 /* Assets.xcassets in Resources */,
			);
			runOnlyForDeploymentPostprocessing = 0;
		};
		2F4182BB27A4006800EB6183 /* Resources */ = {
			isa = PBXResourcesBuildPhase;
			buildActionMask = 2147483647;
			files = (
				2F4182D027A4006900EB6183 /* Preview Assets.xcassets in Resources */,
				2F4182CD27A4006900EB6183 /* Assets.xcassets in Resources */,
			);
			runOnlyForDeploymentPostprocessing = 0;
		};
/* End PBXResourcesBuildPhase section */

/* Begin PBXSourcesBuildPhase section */
		2F4182B927A4006800EB6183 /* Sources */ = {
			isa = PBXSourcesBuildPhase;
			buildActionMask = 2147483647;
			files = (
				2F4182C727A4006800EB6183 /* NotificationController.swift in Sources */,
				2F4182C527A4006800EB6183 /* ContentView.swift in Sources */,
				2F4182CB27A4006800EB6183 /* ComplicationController.swift in Sources */,
				2F4182C327A4006800EB6183 /* AppleWatchMusicApp.swift in Sources */,
				2F4182C927A4006800EB6183 /* NotificationView.swift in Sources */,
			);
			runOnlyForDeploymentPostprocessing = 0;
		};
/* End PBXSourcesBuildPhase section */

/* Begin PBXTargetDependency section */
		2F4182B527A4006400EB6183 /* PBXTargetDependency */ = {
			isa = PBXTargetDependency;
			target = 2F4182B127A4006400EB6183 /* AppleWatchMusic WatchKit App */;
			targetProxy = 2F4182B427A4006400EB6183 /* PBXContainerItemProxy */;
		};
		2F4182C027A4006800EB6183 /* PBXTargetDependency */ = {
			isa = PBXTargetDependency;
			target = 2F4182BC27A4006800EB6183 /* AppleWatchMusic WatchKit Extension */;
			targetProxy = 2F4182BF27A4006800EB6183 /* PBXContainerItemProxy */;
		};
/* End PBXTargetDependency section */

/* Begin XCBuildConfiguration section */
		2F4182D327A4006900EB6183 /* Debug */ = {
			isa = XCBuildConfiguration;
			buildSettings = {
				ALWAYS_SEARCH_USER_PATHS = NO;
				CLANG_ANALYZER_NONNULL = YES;
				CLANG_ANALYZER_NUMBER_OBJECT_CONVERSION = YES_AGGRESSIVE;
				CLANG_CXX_LANGUAGE_STANDARD = "gnu++17";
				CLANG_CXX_LIBRARY = "libc++";
				CLANG_ENABLE_MODULES = YES;
				CLANG_ENABLE_OBJC_ARC = YES;
				CLANG_ENABLE_OBJC_WEAK = YES;
				CLANG_WARN_BLOCK_CAPTURE_AUTORELEASING = YES;
				CLANG_WARN_BOOL_CONVERSION = YES;
				CLANG_WARN_COMMA = YES;
				CLANG_WARN_CONSTANT_CONVERSION = YES;
				CLANG_WARN_DEPRECATED_OBJC_IMPLEMENTATIONS = YES;
				CLANG_WARN_DIRECT_OBJC_ISA_USAGE = YES_ERROR;
				CLANG_WARN_DOCUMENTATION_COMMENTS = YES;
				CLANG_WARN_EMPTY_BODY = YES;
				CLANG_WARN_ENUM_CONVERSION = YES;
				CLANG_WARN_INFINITE_RECURSION = YES;
				CLANG_WARN_INT_CONVERSION = YES;
				CLANG_WARN_NON_LITERAL_NULL_CONVERSION = YES;
				CLANG_WARN_OBJC_IMPLICIT_RETAIN_SELF = YES;
				CLANG_WARN_OBJC_LITERAL_CONVERSION = YES;
				CLANG_WARN_OBJC_ROOT_CLASS = YES_ERROR;
				CLANG_WARN_QUOTED_INCLUDE_IN_FRAMEWORK_HEADER = YES;
				CLANG_WARN_RANGE_LOOP_ANALYSIS = YES;
				CLANG_WARN_STRICT_PROTOTYPES = YES;
				CLANG_WARN_SUSPICIOUS_MOVE = YES;
				CLANG_WARN_UNGUARDED_AVAILABILITY = YES_AGGRESSIVE;
				CLANG_WARN_UNREACHABLE_CODE = YES;
				CLANG_WARN__DUPLICATE_METHOD_MATCH = YES;
				COPY_PHASE_STRIP = NO;
				DEBUG_INFORMATION_FORMAT = dwarf;
				ENABLE_STRICT_OBJC_MSGSEND = YES;
				ENABLE_TESTABILITY = YES;
				GCC_C_LANGUAGE_STANDARD = gnu11;
				GCC_DYNAMIC_NO_PIC = NO;
				GCC_NO_COMMON_BLOCKS = YES;
				GCC_OPTIMIZATION_LEVEL = 0;
				GCC_PREPROCESSOR_DEFINITIONS = (
					"DEBUG=1",
					"$(inherited)",
				);
				GCC_WARN_64_TO_32_BIT_CONVERSION = YES;
				GCC_WARN_ABOUT_RETURN_TYPE = YES_ERROR;
				GCC_WARN_UNDECLARED_SELECTOR = YES;
				GCC_WARN_UNINITIALIZED_AUTOS = YES_AGGRESSIVE;
				GCC_WARN_UNUSED_FUNCTION = YES;
				GCC_WARN_UNUSED_VARIABLE = YES;
				MTL_ENABLE_DEBUG_INFO = INCLUDE_SOURCE;
				MTL_FAST_MATH = YES;
				ONLY_ACTIVE_ARCH = YES;
				SDKROOT = iphoneos;
				SWIFT_ACTIVE_COMPILATION_CONDITIONS = DEBUG;
				SWIFT_OPTIMIZATION_LEVEL = "-Onone";
			};
			name = Debug;
		};
		2F4182D427A4006900EB6183 /* Release */ = {
			isa = XCBuildConfiguration;
			buildSettings = {
				ALWAYS_SEARCH_USER_PATHS = NO;
				CLANG_ANALYZER_NONNULL = YES;
				CLANG_ANALYZER_NUMBER_OBJECT_CONVERSION = YES_AGGRESSIVE;
				CLANG_CXX_LANGUAGE_STANDARD = "gnu++17";
				CLANG_CXX_LIBRARY = "libc++";
				CLANG_ENABLE_MODULES = YES;
				CLANG_ENABLE_OBJC_ARC = YES;
				CLANG_ENABLE_OBJC_WEAK = YES;
				CLANG_WARN_BLOCK_CAPTURE_AUTORELEASING = YES;
				CLANG_WARN_BOOL_CONVERSION = YES;
				CLANG_WARN_COMMA = YES;
				CLANG_WARN_CONSTANT_CONVERSION = YES;
				CLANG_WARN_DEPRECATED_OBJC_IMPLEMENTATIONS = YES;
				CLANG_WARN_DIRECT_OBJC_ISA_USAGE = YES_ERROR;
				CLANG_WARN_DOCUMENTATION_COMMENTS = YES;
				CLANG_WARN_EMPTY_BODY = YES;
				CLANG_WARN_ENUM_CONVERSION = YES;
				CLANG_WARN_INFINITE_RECURSION = YES;
				CLANG_WARN_INT_CONVERSION = YES;
				CLANG_WARN_NON_LITERAL_NULL_CONVERSION = YES;
				CLANG_WARN_OBJC_IMPLICIT_RETAIN_SELF = YES;
				CLANG_WARN_OBJC_LITERAL_CONVERSION = YES;
				CLANG_WARN_OBJC_ROOT_CLASS = YES_ERROR;
				CLANG_WARN_QUOTED_INCLUDE_IN_FRAMEWORK_HEADER = YES;
				CLANG_WARN_RANGE_LOOP_ANALYSIS = YES;
				CLANG_WARN_STRICT_PROTOTYPES = YES;
				CLANG_WARN_SUSPICIOUS_MOVE = YES;
				CLANG_WARN_UNGUARDED_AVAILABILITY = YES_AGGRESSIVE;
				CLANG_WARN_UNREACHABLE_CODE = YES;
				CLANG_WARN__DUPLICATE_METHOD_MATCH = YES;
				COPY_PHASE_STRIP = NO;
				DEBUG_INFORMATION_FORMAT = "dwarf-with-dsym";
				ENABLE_NS_ASSERTIONS = NO;
				ENABLE_STRICT_OBJC_MSGSEND = YES;
				GCC_C_LANGUAGE_STANDARD = gnu11;
				GCC_NO_COMMON_BLOCKS = YES;
				GCC_WARN_64_TO_32_BIT_CONVERSION = YES;
				GCC_WARN_ABOUT_RETURN_TYPE = YES_ERROR;
				GCC_WARN_UNDECLARED_SELECTOR = YES;
				GCC_WARN_UNINITIALIZED_AUTOS = YES_AGGRESSIVE;
				GCC_WARN_UNUSED_FUNCTION = YES;
				GCC_WARN_UNUSED_VARIABLE = YES;
				MTL_ENABLE_DEBUG_INFO = NO;
				MTL_FAST_MATH = YES;
				SDKROOT = iphoneos;
				SWIFT_COMPILATION_MODE = wholemodule;
				SWIFT_OPTIMIZATION_LEVEL = "-O";
				VALIDATE_PRODUCT = YES;
			};
			name = Release;
		};
		2F4182D627A4006900EB6183 /* Debug */ = {
			isa = XCBuildConfiguration;
			buildSettings = {
				ASSETCATALOG_COMPILER_COMPLICATION_NAME = Complication;
				CODE_SIGN_STYLE = Automatic;
				CURRENT_PROJECT_VERSION = 1;
				DEVELOPMENT_ASSET_PATHS = "\"AppleWatchMusic WatchKit Extension/Preview Content\"";
				ENABLE_PREVIEWS = YES;
				GENERATE_INFOPLIST_FILE = YES;
				INFOPLIST_FILE = "AppleWatchMusic WatchKit Extension/Info.plist";
				INFOPLIST_KEY_CFBundleDisplayName = "AppleWatchMusic WatchKit Extension";
				INFOPLIST_KEY_CLKComplicationPrincipalClass = "$(PRODUCT_MODULE_NAME).ComplicationController";
				INFOPLIST_KEY_NSHumanReadableCopyright = "";
				INFOPLIST_KEY_WKWatchOnly = YES;
				LD_RUNPATH_SEARCH_PATHS = (
					"$(inherited)",
					"@executable_path/Frameworks",
					"@executable_path/../../Frameworks",
				);
				MARKETING_VERSION = 1.0;
				PRODUCT_BUNDLE_IDENTIFIER = com.test.AppleWatchMusic.watchkitapp.watchkitextension;
				PRODUCT_NAME = "${TARGET_NAME}";
				SDKROOT = watchos;
				SKIP_INSTALL = YES;
				SWIFT_EMIT_LOC_STRINGS = YES;
				SWIFT_VERSION = 5.0;
				TARGETED_DEVICE_FAMILY = 4;
				WATCHOS_DEPLOYMENT_TARGET = 8.3;
			};
			name = Debug;
		};
		2F4182D727A4006900EB6183 /* Release */ = {
			isa = XCBuildConfiguration;
			buildSettings = {
				ASSETCATALOG_COMPILER_COMPLICATION_NAME = Complication;
				CODE_SIGN_STYLE = Automatic;
				CURRENT_PROJECT_VERSION = 1;
				DEVELOPMENT_ASSET_PATHS = "\"AppleWatchMusic WatchKit Extension/Preview Content\"";
				ENABLE_PREVIEWS = YES;
				GENERATE_INFOPLIST_FILE = YES;
				INFOPLIST_FILE = "AppleWatchMusic WatchKit Extension/Info.plist";
				INFOPLIST_KEY_CFBundleDisplayName = "AppleWatchMusic WatchKit Extension";
				INFOPLIST_KEY_CLKComplicationPrincipalClass = "$(PRODUCT_MODULE_NAME).ComplicationController";
				INFOPLIST_KEY_NSHumanReadableCopyright = "";
				INFOPLIST_KEY_WKWatchOnly = YES;
				LD_RUNPATH_SEARCH_PATHS = (
					"$(inherited)",
					"@executable_path/Frameworks",
					"@executable_path/../../Frameworks",
				);
				MARKETING_VERSION = 1.0;
				PRODUCT_BUNDLE_IDENTIFIER = com.test.AppleWatchMusic.watchkitapp.watchkitextension;
				PRODUCT_NAME = "${TARGET_NAME}";
				SDKROOT = watchos;
				SKIP_INSTALL = YES;
				SWIFT_EMIT_LOC_STRINGS = YES;
				SWIFT_VERSION = 5.0;
				TARGETED_DEVICE_FAMILY = 4;
				WATCHOS_DEPLOYMENT_TARGET = 8.3;
			};
			name = Release;
		};
		2F4182DA27A4006900EB6183 /* Debug */ = {
			isa = XCBuildConfiguration;
			buildSettings = {
				ALWAYS_EMBED_SWIFT_STANDARD_LIBRARIES = YES;
				ASSETCATALOG_COMPILER_APPICON_NAME = AppIcon;
				ASSETCATALOG_COMPILER_GLOBAL_ACCENT_COLOR_NAME = AccentColor;
				CODE_SIGN_STYLE = Automatic;
				CURRENT_PROJECT_VERSION = 1;
				GENERATE_INFOPLIST_FILE = YES;
				IBSC_MODULE = AppleWatchMusic_WatchKit_Extension;
				INFOPLIST_KEY_CFBundleDisplayName = "AppleWatchMusic WatchKit App";
				INFOPLIST_KEY_UISupportedInterfaceOrientations = "UIInterfaceOrientationPortrait UIInterfaceOrientationPortraitUpsideDown";
				MARKETING_VERSION = 1.0;
				PRODUCT_BUNDLE_IDENTIFIER = com.test.AppleWatchMusic.watchkitapp;
				PRODUCT_NAME = "$(TARGET_NAME)";
				SDKROOT = watchos;
				SKIP_INSTALL = YES;
				SWIFT_EMIT_LOC_STRINGS = YES;
				SWIFT_VERSION = 5.0;
				TARGETED_DEVICE_FAMILY = 4;
				WATCHOS_DEPLOYMENT_TARGET = 8.3;
			};
			name = Debug;
		};
		2F4182DB27A4006900EB6183 /* Release */ = {
			isa = XCBuildConfiguration;
			buildSettings = {
				ALWAYS_EMBED_SWIFT_STANDARD_LIBRARIES = YES;
				ASSETCATALOG_COMPILER_APPICON_NAME = AppIcon;
				ASSETCATALOG_COMPILER_GLOBAL_ACCENT_COLOR_NAME = AccentColor;
				CODE_SIGN_STYLE = Automatic;
				CURRENT_PROJECT_VERSION = 1;
				GENERATE_INFOPLIST_FILE = YES;
				IBSC_MODULE = AppleWatchMusic_WatchKit_Extension;
				INFOPLIST_KEY_CFBundleDisplayName = "AppleWatchMusic WatchKit App";
				INFOPLIST_KEY_UISupportedInterfaceOrientations = "UIInterfaceOrientationPortrait UIInterfaceOrientationPortraitUpsideDown";
				MARKETING_VERSION = 1.0;
				PRODUCT_BUNDLE_IDENTIFIER = com.test.AppleWatchMusic.watchkitapp;
				PRODUCT_NAME = "$(TARGET_NAME)";
				SDKROOT = watchos;
				SKIP_INSTALL = YES;
				SWIFT_EMIT_LOC_STRINGS = YES;
				SWIFT_VERSION = 5.0;
				TARGETED_DEVICE_FAMILY = 4;
				WATCHOS_DEPLOYMENT_TARGET = 8.3;
			};
			name = Release;
		};
		2F4182DE27A4006900EB6183 /* Debug */ = {
			isa = XCBuildConfiguration;
			buildSettings = {
				CODE_SIGN_STYLE = Automatic;
				CURRENT_PROJECT_VERSION = 1;
				MARKETING_VERSION = 1.0;
				PRODUCT_BUNDLE_IDENTIFIER = com.test.AppleWatchMusic;
				PRODUCT_NAME = "$(TARGET_NAME)";
				SWIFT_VERSION = 5.0;
			};
			name = Debug;
		};
		2F4182DF27A4006900EB6183 /* Release */ = {
			isa = XCBuildConfiguration;
			buildSettings = {
				CODE_SIGN_STYLE = Automatic;
				CURRENT_PROJECT_VERSION = 1;
				MARKETING_VERSION = 1.0;
				PRODUCT_BUNDLE_IDENTIFIER = com.test.AppleWatchMusic;
				PRODUCT_NAME = "$(TARGET_NAME)";
				SWIFT_VERSION = 5.0;
			};
			name = Release;
		};
/* End XCBuildConfiguration section */

/* Begin XCConfigurationList section */
		2F4182AB27A4006400EB6183 /* Build configuration list for PBXProject "AppleWatchMusic" */ = {
			isa = XCConfigurationList;
			buildConfigurations = (
				2F4182D327A4006900EB6183 /* Debug */,
				2F4182D427A4006900EB6183 /* Release */,
			);
			defaultConfigurationIsVisible = 0;
			defaultConfigurationName = Release;
		};
		2F4182D527A4006900EB6183 /* Build configuration list for PBXNativeTarget "AppleWatchMusic WatchKit Extension" */ = {
			isa = XCConfigurationList;
			buildConfigurations = (
				2F4182D627A4006900EB6183 /* Debug */,
				2F4182D727A4006900EB6183 /* Release */,
			);
			defaultConfigurationIsVisible = 0;
			defaultConfigurationName = Release;
		};
		2F4182D927A4006900EB6183 /* Build configuration list for PBXNativeTarget "AppleWatchMusic WatchKit App" */ = {
			isa = XCConfigurationList;
			buildConfigurations = (
				2F4182DA27A4006900EB6183 /* Debug */,
				2F4182DB27A4006900EB6183 /* Release */,
			);
			defaultConfigurationIsVisible = 0;
			defaultConfigurationName = Release;
		};
		2F4182DD27A4006900EB6183 /* Build configuration list for PBXNativeTarget "AppleWatchMusic" */ = {
			isa = XCConfigurationList;
			buildConfigurations = (
				2F4182DE27A4006900EB6183 /* Debug */,
				2F4182DF27A4006900EB6183 /* Release */,
			);
			defaultConfigurationIsVisible = 0;
			defaultConfigurationName = Release;
		};
/* End XCConfigurationList section */
	};
	rootObject = 2F4182A827A4006400EB6183 /* Project object */;
}
